// !$*UTF8*$!
{
	archiveVersion = 1;
	classes = {
	};
	objectVersion = 46;
	objects = {

/* Begin PBXBuildFile section */
		18B572511CF915AA00A15246 /* main.m in Sources */ = {isa = PBXBuildFile; fileRef = 18B572501CF915AA00A15246 /* main.m */; };
		18B572541CF915AA00A15246 /* AppDelegate.m in Sources */ = {isa = PBXBuildFile; fileRef = 18B572531CF915AA00A15246 /* AppDelegate.m */; };
		18B572571CF915AA00A15246 /* Start.m in Sources */ = {isa = PBXBuildFile; fileRef = 18B572561CF915AA00A15246 /* Start.m */; };
		18B5725A1CF915AA00A15246 /* Main.storyboard in Resources */ = {isa = PBXBuildFile; fileRef = 18B572581CF915AA00A15246 /* Main.storyboard */; };
		18B5725D1CF915AA00A15246 /* My_First_Project.xcdatamodeld in Sources */ = {isa = PBXBuildFile; fileRef = 18B5725B1CF915AA00A15246 /* My_First_Project.xcdatamodeld */; };
		18B5725F1CF915AA00A15246 /* Assets.xcassets in Resources */ = {isa = PBXBuildFile; fileRef = 18B5725E1CF915AA00A15246 /* Assets.xcassets */; };
		18B572621CF915AA00A15246 /* LaunchScreen.storyboard in Resources */ = {isa = PBXBuildFile; fileRef = 18B572601CF915AA00A15246 /* LaunchScreen.storyboard */; };
/* End PBXBuildFile section */

/* Begin PBXFileReference section */
		18B5724C1CF915AA00A15246 /* My First Project.app */ = {isa = PBXFileReference; explicitFileType = wrapper.application; includeInIndex = 0; path = "My First Project.app"; sourceTree = BUILT_PRODUCTS_DIR; };
		18B572501CF915AA00A15246 /* main.m */ = {isa = PBXFileReference; lastKnownFileType = sourcecode.c.objc; path = main.m; sourceTree = "<group>"; };
		18B572521CF915AA00A15246 /* AppDelegate.h */ = {isa = PBXFileReference; lastKnownFileType = sourcecode.c.h; path = AppDelegate.h; sourceTree = "<group>"; };
		18B572531CF915AA00A15246 /* AppDelegate.m */ = {isa = PBXFileReference; lastKnownFileType = sourcecode.c.objc; path = AppDelegate.m; sourceTree = "<group>"; };
		18B572551CF915AA00A15246 /* Start.h */ = {isa = PBXFileReference; lastKnownFileType = sourcecode.c.h; path = Start.h; sourceTree = "<group>"; };
		18B572561CF915AA00A15246 /* Start.m */ = {isa = PBXFileReference; lastKnownFileType = sourcecode.c.objc; path = Start.m; sourceTree = "<group>"; };
		18B572591CF915AA00A15246 /* Base */ = {isa = PBXFileReference; lastKnownFileType = file.storyboard; name = Base; path = Base.lproj/Main.storyboard; sourceTree = "<group>"; };
		18B5725C1CF915AA00A15246 /* My_First_Project.xcdatamodel */ = {isa = PBXFileReference; lastKnownFileType = wrapper.xcdatamodel; path = My_First_Project.xcdatamodel; sourceTree = "<group>"; };
		18B5725E1CF915AA00A15246 /* Assets.xcassets */ = {isa = PBXFileReference; lastKnownFileType = folder.assetcatalog; path = Assets.xcassets; sourceTree = "<group>"; };
		18B572611CF915AA00A15246 /* Base */ = {isa = PBXFileReference; lastKnownFileType = file.storyboard; name = Base; path = Base.lproj/LaunchScreen.storyboard; sourceTree = "<group>"; };
		18B572631CF915AA00A15246 /* Info.plist */ = {isa = PBXFileReference; lastKnownFileType = text.plist.xml; path = Info.plist; sourceTree = "<group>"; };
/* End PBXFileReference section */

/* Begin PBXFrameworksBuildPhase section */
		18B572491CF915AA00A15246 /* Frameworks */ = {
			isa = PBXFrameworksBuildPhase;
			buildActionMask = 2147483647;
			files = (
			);
			runOnlyForDeploymentPostprocessing = 0;
		};
/* End PBXFrameworksBuildPhase section */

/* Begin PBXGroup section */
		18B572431CF915AA00A15246 = {
			isa = PBXGroup;
			children = (
				18B5724E1CF915AA00A15246 /* My First Project */,
				18B5724D1CF915AA00A15246 /* Products */,
			);
			sourceTree = "<group>";
		};
		18B5724D1CF915AA00A15246 /* Products */ = {
			isa = PBXGroup;
			children = (
				18B5724C1CF915AA00A15246 /* My First Project.app */,
			);
			name = Products;
			sourceTree = "<group>";
		};
		18B5724E1CF915AA00A15246 /* My First Project */ = {
			isa = PBXGroup;
			children = (
				18B5726A1CF915E400A15246 /* Controllers */,
				18B572691CF915DA00A15246 /* Main */,
				18B572521CF915AA00A15246 /* AppDelegate.h */,
				18B572531CF915AA00A15246 /* AppDelegate.m */,
				18B572581CF915AA00A15246 /* Main.storyboard */,
				18B5725E1CF915AA00A15246 /* Assets.xcassets */,
				18B572601CF915AA00A15246 /* LaunchScreen.storyboard */,
				18B572631CF915AA00A15246 /* Info.plist */,
				18B5725B1CF915AA00A15246 /* My_First_Project.xcdatamodeld */,
				18B5724F1CF915AA00A15246 /* Supporting Files */,
			);
			path = "My First Project";
			sourceTree = "<group>";
		};
		18B5724F1CF915AA00A15246 /* Supporting Files */ = {
			isa = PBXGroup;
			children = (
				18B572501CF915AA00A15246 /* main.m */,
			);
			name = "Supporting Files";
			sourceTree = "<group>";
		};
		18B572691CF915DA00A15246 /* Main */ = {
			isa = PBXGroup;
			children = (
			);
			name = Main;
			sourceTree = "<group>";
		};
		18B5726A1CF915E400A15246 /* Controllers */ = {
			isa = PBXGroup;
			children = (
				18B572551CF915AA00A15246 /* Start.h */,
				18B572561CF915AA00A15246 /* Start.m */,
			);
			name = Controllers;
			sourceTree = "<group>";
		};
/* End PBXGroup section */

/* Begin PBXNativeTarget section */
		18B5724B1CF915AA00A15246 /* My First Project */ = {
			isa = PBXNativeTarget;
			buildConfigurationList = 18B572661CF915AA00A15246 /* Build configuration list for PBXNativeTarget "My First Project" */;
			buildPhases = (
				18B572481CF915AA00A15246 /* Sources */,
				18B572491CF915AA00A15246 /* Frameworks */,
				18B5724A1CF915AA00A15246 /* Resources */,
			);
			buildRules = (
			);
			dependencies = (
			);
			name = "My First Project";
			productName = "My First Project";
			productReference = 18B5724C1CF915AA00A15246 /* My First Project.app */;
			productType = "com.apple.product-type.application";
		};
/* End PBXNativeTarget section */

/* Begin PBXProject section */
		18B572441CF915AA00A15246 /* Project object */ = {
			isa = PBXProject;
			attributes = {
				LastUpgradeCheck = 0730;
				ORGANIZATIONNAME = "Luis Ivan Escamilla Estrada";
				TargetAttributes = {
					18B5724B1CF915AA00A15246 = {
						CreatedOnToolsVersion = 7.3.1;
					};
				};
			};
			buildConfigurationList = 18B572471CF915AA00A15246 /* Build configuration list for PBXProject "My First Project" */;
			compatibilityVersion = "Xcode 3.2";
			developmentRegion = English;
			hasScannedForEncodings = 0;
			knownRegions = (
				en,
				Base,
			);
			mainGroup = 18B572431CF915AA00A15246;
			productRefGroup = 18B5724D1CF915AA00A15246 /* Products */;
			projectDirPath = "";
			projectRoot = "";
			targets = (
				18B5724B1CF915AA00A15246 /* My First Project */,
			);
		};
/* End PBXProject section */

/* Begin PBXResourcesBuildPhase section */
		18B5724A1CF915AA00A15246 /* Resources */ = {
			isa = PBXResourcesBuildPhase;
			buildActionMask = 2147483647;
			files = (
				18B572621CF915AA00A15246 /* LaunchScreen.storyboard in Resources */,
				18B5725F1CF915AA00A15246 /* Assets.xcassets in Resources */,
				18B5725A1CF915AA00A15246 /* Main.storyboard in Resources */,
			);
			runOnlyForDeploymentPostprocessing = 0;
		};
/* End PBXResourcesBuildPhase section */

/* Begin PBXSourcesBuildPhase section */
		18B572481CF915AA00A15246 /* Sources */ = {
			isa = PBXSourcesBuildPhase;
			buildActionMask = 2147483647;
			files = (
				18B5725D1CF915AA00A15246 /* My_First_Project.xcdatamodeld in Sources */,
				18B572571CF915AA00A15246 /* Start.m in Sources */,
				18B572541CF915AA00A15246 /* AppDelegate.m in Sources */,
				18B572511CF915AA00A15246 /* main.m in Sources */,
			);
			runOnlyForDeploymentPostprocessing = 0;
		};
/* End PBXSourcesBuildPhase section */

/* Begin PBXVariantGroup section */
		18B572581CF915AA00A15246 /* Main.storyboard */ = {
			isa = PBXVariantGroup;
			children = (
				18B572591CF915AA00A15246 /* Base */,
			);
			name = Main.storyboard;
			sourceTree = "<group>";
		};
		18B572601CF915AA00A15246 /* LaunchScreen.storyboard */ = {
			isa = PBXVariantGroup;
			children = (
				18B572611CF915AA00A15246 /* Base */,
			);
			name = LaunchScreen.storyboard;
			sourceTree = "<group>";
		};
/* End PBXVariantGroup section */

/* Begin XCBuildConfiguration section */
		18B572641CF915AA00A15246 /* Debug */ = {
			isa = XCBuildConfiguration;
			buildSettings = {
				ALWAYS_SEARCH_USER_PATHS = NO;
				CLANG_ANALYZER_NONNULL = YES;
				CLANG_CXX_LANGUAGE_STANDARD = "gnu++0x";
				CLANG_CXX_LIBRARY = "libc++";
				CLANG_ENABLE_MODULES = YES;
				CLANG_ENABLE_OBJC_ARC = YES;
				CLANG_WARN_BOOL_CONVERSION = YES;
				CLANG_WARN_CONSTANT_CONVERSION = YES;
				CLANG_WARN_DIRECT_OBJC_ISA_USAGE = YES_ERROR;
				CLANG_WARN_EMPTY_BODY = YES;
				CLANG_WARN_ENUM_CONVERSION = YES;
				CLANG_WARN_INT_CONVERSION = YES;
				CLANG_WARN_OBJC_ROOT_CLASS = YES_ERROR;
				CLANG_WARN_UNREACHABLE_CODE = YES;
				CLANG_WARN__DUPLICATE_METHOD_MATCH = YES;
				"CODE_SIGN_IDENTITY[sdk=iphoneos*]" = "iPhone Developer";
				COPY_PHASE_STRIP = NO;
				DEBUG_INFORMATION_FORMAT = dwarf;
				ENABLE_STRICT_OBJC_MSGSEND = YES;
				ENABLE_TESTABILITY = YES;
				GCC_C_LANGUAGE_STANDARD = gnu99;
				GCC_DYNAMIC_NO_PIC = NO;
				GCC_NO_COMMON_BLOCKS = YES;
				GCC_OPTIMIZATION_LEVEL = 0;
				GCC_PREPROCESSOR_DEFINITIONS = (
					"DEBUG=1",
					"$(inherited)",
				);
				GCC_WARN_64_TO_32_BIT_CONVERSION = YES;
				GCC_WARN_ABOUT_RETURN_TYPE = YES_ERROR;
				GCC_WARN_UNDECLARED_SELECTOR = YES;
				GCC_WARN_UNINITIALIZED_AUTOS = YES_AGGRESSIVE;
				GCC_WARN_UNUSED_FUNCTION = YES;
				GCC_WARN_UNUSED_VARIABLE = YES;
				IPHONEOS_DEPLOYMENT_TARGET = 9.3;
				MTL_ENABLE_DEBUG_INFO = YES;
				ONLY_ACTIVE_ARCH = YES;
				SDKROOT = iphoneos;
			};
			name = Debug;
		};
		18B572651CF915AA00A15246 /* Release */ = {
			isa = XCBuildConfiguration;
			buildSettings = {
				ALWAYS_SEARCH_USER_PATHS = NO;
				CLANG_ANALYZER_NONNULL = YES;
				CLANG_CXX_LANGUAGE_STANDARD = "gnu++0x";
				CLANG_CXX_LIBRARY = "libc++";
				CLANG_ENABLE_MODULES = YES;
				CLANG_ENABLE_OBJC_ARC = YES;
				CLANG_WARN_BOOL_CONVERSION = YES;
				CLANG_WARN_CONSTANT_CONVERSION = YES;
				CLANG_WARN_DIRECT_OBJC_ISA_USAGE = YES_ERROR;
				CLANG_WARN_EMPTY_BODY = YES;
				CLANG_WARN_ENUM_CONVERSION = YES;
				CLANG_WARN_INT_CONVERSION = YES;
				CLANG_WARN_OBJC_ROOT_CLASS = YES_ERROR;
				CLANG_WARN_UNREACHABLE_CODE = YES;
				CLANG_WARN__DUPLICATE_METHOD_MATCH = YES;
				"CODE_SIGN_IDENTITY[sdk=iphoneos*]" = "iPhone Developer";
				COPY_PHASE_STRIP = NO;
				DEBUG_INFORMATION_FORMAT = "dwarf-with-dsym";
				ENABLE_NS_ASSERTIONS = NO;
				ENABLE_STRICT_OBJC_MSGSEND = YES;
				GCC_C_LANGUAGE_STANDARD = gnu99;
				GCC_NO_COMMON_BLOCKS = YES;
				GCC_WARN_64_TO_32_BIT_CONVERSION = YES;
				GCC_WARN_ABOUT_RETURN_TYPE = YES_ERROR;
				GCC_WARN_UNDECLARED_SELECTOR = YES;
				GCC_WARN_UNINITIALIZED_AUTOS = YES_AGGRESSIVE;
				GCC_WARN_UNUSED_FUNCTION = YES;
				GCC_WARN_UNUSED_VARIABLE = YES;
				IPHONEOS_DEPLOYMENT_TARGET = 9.3;
				MTL_ENABLE_DEBUG_INFO = NO;
				SDKROOT = iphoneos;
				VALIDATE_PRODUCT = YES;
			};
			name = Release;
		};
		18B572671CF915AA00A15246 /* Debug */ = {
			isa = XCBuildConfiguration;
			buildSettings = {
				ASSETCATALOG_COMPILER_APPICON_NAME = AppIcon;
				INFOPLIST_FILE = "My First Project/Info.plist";
				LD_RUNPATH_SEARCH_PATHS = "$(inherited) @executable_path/Frameworks";
				PRODUCT_BUNDLE_IDENTIFIER = "com.liee.My-First-Project";
				PRODUCT_NAME = "$(TARGET_NAME)";
			};
			name = Debug;
		};
		18B572681CF915AA00A15246 /* Release */ = {
			isa = XCBuildConfiguration;
			buildSettings = {
				ASSETCATALOG_COMPILER_APPICON_NAME = AppIcon;
				INFOPLIST_FILE = "My First Project/Info.plist";
				LD_RUNPATH_SEARCH_PATHS = "$(inherited) @executable_path/Frameworks";
				PRODUCT_BUNDLE_IDENTIFIER = "com.liee.My-First-Project";
				PRODUCT_NAME = "$(TARGET_NAME)";
			};
			name = Release;
		};
/* End XCBuildConfiguration section */

/* Begin XCConfigurationList section */
		18B572471CF915AA00A15246 /* Build configuration list for PBXProject "My First Project" */ = {
			isa = XCConfigurationList;
			buildConfigurations = (
				18B572641CF915AA00A15246 /* Debug */,
				18B572651CF915AA00A15246 /* Release */,
			);
			defaultConfigurationIsVisible = 0;
			defaultConfigurationName = Release;
		};
		18B572661CF915AA00A15246 /* Build configuration list for PBXNativeTarget "My First Project" */ = {
			isa = XCConfigurationList;
			buildConfigurations = (
				18B572671CF915AA00A15246 /* Debug */,
				18B572681CF915AA00A15246 /* Release */,
			);
			defaultConfigurationIsVisible = 0;
		};
/* End XCConfigurationList section */

/* Begin XCVersionGroup section */
		18B5725B1CF915AA00A15246 /* My_First_Project.xcdatamodeld */ = {
			isa = XCVersionGroup;
			children = (
				18B5725C1CF915AA00A15246 /* My_First_Project.xcdatamodel */,
			);
			currentVersion = 18B5725C1CF915AA00A15246 /* My_First_Project.xcdatamodel */;
			path = My_First_Project.xcdatamodeld;
			sourceTree = "<group>";
			versionGroupType = wrapper.xcdatamodel;
		};
/* End XCVersionGroup section */
	};
	rootObject = 18B572441CF915AA00A15246 /* Project object */;
}
